{
    "_meta": {
        "hash": {
            "sha256": "052a3283b3615c2f95c1fc8d3fb971353cc16c83cf006138686cee7c10faf8e7"
        },
        "pipfile-spec": 6,
        "requires": {
            "python_version": "3.12"
        },
        "sources": [
            {
                "name": "pypi",
                "url": "https://pypi.org/simple",
                "verify_ssl": true
            }
        ]
    },
    "default": {
        "asgiref": {
            "hashes": [
                "sha256:3e1e3ecc849832fe52ccf2cb6686b7a55f82bb1d6aee72a58826471390335e47",
                "sha256:c343bd80a0bec947a9860adb4c432ffa7db769836c64238fc34bdc3fec84d590"
            ],
            "markers": "python_version >= '3.8'",
            "version": "==3.8.1"
        },
        "django": {
            "hashes": [
                "sha256:1e39eafdd1b185e761d9fab7a9f0b9fa00af1b37b25ad980a8aa0dac13535690",
                "sha256:8d203400bc2952fbfb287c2bbda630297d654920c72a73cc82a9ad7926feaad5"
            ],
            "index": "pypi",
            "markers": "python_version >= '3.10'",
            "version": "==5.1.6"
        },
        "psycopg2": {
            "hashes": [
                "sha256:0435034157049f6846e95103bd8f5a668788dd913a7c30162ca9503fdf542cb4",
                "sha256:12ec0b40b0273f95296233e8750441339298e6a572f7039da5b260e3c8b60e11",
                "sha256:47c4f9875125344f4c2b870e41b6aad585901318068acd01de93f3677a6522c2",
                "sha256:4a579d6243da40a7b3182e0430493dbd55950c493d8c68f4eec0b302f6bbf20e",
                "sha256:5df2b672140f95adb453af93a7d669d7a7bf0a56bcd26f1502329166f4a61716",
                "sha256:65a63d7ab0e067e2cdb3cf266de39663203d38d6a8ed97f5ca0cb315c73fe067",
                "sha256:88138c8dedcbfa96408023ea2b0c369eda40fe5d75002c0964c78f46f11fa442",
                "sha256:91fd603a2155da8d0cfcdbf8ab24a2d54bca72795b90d2a3ed2b6da8d979dee2",
                "sha256:9d5b3b94b79a844a986d029eee38998232451119ad653aea42bb9220a8c5066b",
                "sha256:c6f7b8561225f9e711a9c47087388a97fdc948211c10a4bccbf0ba68ab7b3b5a"
            ],
            "index": "pypi",
            "markers": "python_version >= '3.8'",
            "version": "==2.9.10"
        },
        "psycopg2-binary": {
            "hashes": [
                "sha256:04392983d0bb89a8717772a193cfaac58871321e3ec69514e1c4e0d4957b5aff",
                "sha256:056470c3dc57904bbf63d6f534988bafc4e970ffd50f6271fc4ee7daad9498a5",
                "sha256:0ea8e3d0ae83564f2fc554955d327fa081d065c8ca5cc6d2abb643e2c9c1200f",
                "sha256:155e69561d54d02b3c3209545fb08938e27889ff5a10c19de8d23eb5a41be8a5",
                "sha256:18c5ee682b9c6dd3696dad6e54cc7ff3a1a9020df6a5c0f861ef8bfd338c3ca0",
                "sha256:19721ac03892001ee8fdd11507e6a2e01f4e37014def96379411ca99d78aeb2c",
                "sha256:1a6784f0ce3fec4edc64e985865c17778514325074adf5ad8f80636cd029ef7c",
                "sha256:2286791ececda3a723d1910441c793be44625d86d1a4e79942751197f4d30341",
                "sha256:230eeae2d71594103cd5b93fd29d1ace6420d0b86f4778739cb1a5a32f607d1f",
                "sha256:245159e7ab20a71d989da00f280ca57da7641fa2cdcf71749c193cea540a74f7",
                "sha256:26540d4a9a4e2b096f1ff9cce51253d0504dca5a85872c7f7be23be5a53eb18d",
                "sha256:270934a475a0e4b6925b5f804e3809dd5f90f8613621d062848dd82f9cd62007",
                "sha256:27422aa5f11fbcd9b18da48373eb67081243662f9b46e6fd07c3eb46e4535142",
                "sha256:2ad26b467a405c798aaa1458ba09d7e2b6e5f96b1ce0ac15d82fd9f95dc38a92",
                "sha256:2b3d2491d4d78b6b14f76881905c7a8a8abcf974aad4a8a0b065273a0ed7a2cb",
                "sha256:2ce3e21dc3437b1d960521eca599d57408a695a0d3c26797ea0f72e834c7ffe5",
                "sha256:30e34c4e97964805f715206c7b789d54a78b70f3ff19fbe590104b71c45600e5",
                "sha256:3216ccf953b3f267691c90c6fe742e45d890d8272326b4a8b20850a03d05b7b8",
                "sha256:32581b3020c72d7a421009ee1c6bf4a131ef5f0a968fab2e2de0c9d2bb4577f1",
                "sha256:35958ec9e46432d9076286dda67942ed6d968b9c3a6a2fd62b48939d1d78bf68",
                "sha256:3abb691ff9e57d4a93355f60d4f4c1dd2d68326c968e7db17ea96df3c023ef73",
                "sha256:3c18f74eb4386bf35e92ab2354a12c17e5eb4d9798e4c0ad3a00783eae7cd9f1",
                "sha256:3c4745a90b78e51d9ba06e2088a2fe0c693ae19cc8cb051ccda44e8df8a6eb53",
                "sha256:3c4ded1a24b20021ebe677b7b08ad10bf09aac197d6943bfe6fec70ac4e4690d",
                "sha256:3e9c76f0ac6f92ecfc79516a8034a544926430f7b080ec5a0537bca389ee0906",
                "sha256:48b338f08d93e7be4ab2b5f1dbe69dc5e9ef07170fe1f86514422076d9c010d0",
                "sha256:4b3df0e6990aa98acda57d983942eff13d824135fe2250e6522edaa782a06de2",
                "sha256:512d29bb12608891e349af6a0cccedce51677725a921c07dba6342beaf576f9a",
                "sha256:5a507320c58903967ef7384355a4da7ff3f28132d679aeb23572753cbf2ec10b",
                "sha256:5c370b1e4975df846b0277b4deba86419ca77dbc25047f535b0bb03d1a544d44",
                "sha256:6b269105e59ac96aba877c1707c600ae55711d9dcd3fc4b5012e4af68e30c648",
                "sha256:6d4fa1079cab9018f4d0bd2db307beaa612b0d13ba73b5c6304b9fe2fb441ff7",
                "sha256:6dc08420625b5a20b53551c50deae6e231e6371194fa0651dbe0fb206452ae1f",
                "sha256:73aa0e31fa4bb82578f3a6c74a73c273367727de397a7a0f07bd83cbea696baa",
                "sha256:7559bce4b505762d737172556a4e6ea8a9998ecac1e39b5233465093e8cee697",
                "sha256:79625966e176dc97ddabc142351e0409e28acf4660b88d1cf6adb876d20c490d",
                "sha256:7a813c8bdbaaaab1f078014b9b0b13f5de757e2b5d9be6403639b298a04d218b",
                "sha256:7b2c956c028ea5de47ff3a8d6b3cc3330ab45cf0b7c3da35a2d6ff8420896526",
                "sha256:7f4152f8f76d2023aac16285576a9ecd2b11a9895373a1f10fd9db54b3ff06b4",
                "sha256:7f5d859928e635fa3ce3477704acee0f667b3a3d3e4bb109f2b18d4005f38287",
                "sha256:851485a42dbb0bdc1edcdabdb8557c09c9655dfa2ca0460ff210522e073e319e",
                "sha256:8608c078134f0b3cbd9f89b34bd60a943b23fd33cc5f065e8d5f840061bd0673",
                "sha256:880845dfe1f85d9d5f7c412efea7a08946a46894537e4e5d091732eb1d34d9a0",
                "sha256:8aabf1c1a04584c168984ac678a668094d831f152859d06e055288fa515e4d30",
                "sha256:8aecc5e80c63f7459a1a2ab2c64df952051df196294d9f739933a9f6687e86b3",
                "sha256:8cd9b4f2cfab88ed4a9106192de509464b75a906462fb846b936eabe45c2063e",
                "sha256:8de718c0e1c4b982a54b41779667242bc630b2197948405b7bd8ce16bcecac92",
                "sha256:9440fa522a79356aaa482aa4ba500b65f28e5d0e63b801abf6aa152a29bd842a",
                "sha256:b5f86c56eeb91dc3135b3fd8a95dc7ae14c538a2f3ad77a19645cf55bab1799c",
                "sha256:b73d6d7f0ccdad7bc43e6d34273f70d587ef62f824d7261c4ae9b8b1b6af90e8",
                "sha256:bb89f0a835bcfc1d42ccd5f41f04870c1b936d8507c6df12b7737febc40f0909",
                "sha256:c3cc28a6fd5a4a26224007712e79b81dbaee2ffb90ff406256158ec4d7b52b47",
                "sha256:ce5ab4bf46a211a8e924d307c1b1fcda82368586a19d0a24f8ae166f5c784864",
                "sha256:d00924255d7fc916ef66e4bf22f354a940c67179ad3fd7067d7a0a9c84d2fbfc",
                "sha256:d7cd730dfa7c36dbe8724426bf5612798734bff2d3c3857f36f2733f5bfc7c00",
                "sha256:e217ce4d37667df0bc1c397fdcd8de5e81018ef305aed9415c3b093faaeb10fb",
                "sha256:e3923c1d9870c49a2d44f795df0c889a22380d36ef92440ff618ec315757e539",
                "sha256:e5720a5d25e3b99cd0dc5c8a440570469ff82659bb09431c1439b92caf184d3b",
                "sha256:e8b58f0a96e7a1e341fc894f62c1177a7c83febebb5ff9123b579418fdc8a481",
                "sha256:e984839e75e0b60cfe75e351db53d6db750b00de45644c5d1f7ee5d1f34a1ce5",
                "sha256:eb09aa7f9cecb45027683bb55aebaaf45a0df8bf6de68801a6afdc7947bb09d4",
                "sha256:ec8a77f521a17506a24a5f626cb2aee7850f9b69a0afe704586f63a464f3cd64",
                "sha256:ecced182e935529727401b24d76634a357c71c9275b356efafd8a2a91ec07392",
                "sha256:ee0e8c683a7ff25d23b55b11161c2663d4b099770f6085ff0a20d4505778d6b4",
                "sha256:f0c2d907a1e102526dd2986df638343388b94c33860ff3bbe1384130828714b1",
                "sha256:f758ed67cab30b9a8d2833609513ce4d3bd027641673d4ebc9c067e4d208eec1",
                "sha256:f8157bed2f51db683f31306aa497311b560f2265998122abe1dce6428bd86567",
                "sha256:ffe8ed017e4ed70f68b7b371d84b7d4a790368db9203dfc2d222febd3a9c8863"
            ],
            "index": "pypi",
            "markers": "python_version >= '3.8'",
            "version": "==2.9.10"
        },
        "python-dotenv": {
            "hashes": [
                "sha256:e324ee90a023d808f1959c46bcbc04446a10ced277783dc6ee09987c37ec10ca",
                "sha256:f7b63ef50f1b690dddf550d03497b66d609393b40b564ed0d674909a68ebf16a"
            ],
            "index": "pypi",
            "markers": "python_version >= '3.8'",
            "version": "==1.0.1"
        },
        "sqlparse": {
            "hashes": [
                "sha256:09f67787f56a0b16ecdbde1bfc7f5d9c3371ca683cfeaa8e6ff60b4807ec9272",
                "sha256:cf2196ed3418f3ba5de6af7e82c694a9fbdbfecccdfc72e281548517081f16ca"
            ],
            "markers": "python_version >= '3.8'",
            "version": "==0.5.3"
        },
        "tzdata": {
            "hashes": [
                "sha256:24894909e88cdb28bd1636c6887801df64cb485bd593f2fd83ef29075a81d694",
                "sha256:7e127113816800496f027041c570f50bcd464a020098a3b6b199517772303639"
            ],
            "markers": "python_version >= '2'",
            "version": "==2025.1"
        },
        "websockets": {
            "hashes": [
                "sha256:0e389efe46ccb25a1f93d08c7a74e8123a2517f7b7458f043bd7529d1a63ffeb",
                "sha256:0f2205cdb444a42a7919690238fb5979a05439b9dbb73dd47c863d39640d85ab",
                "sha256:10552fed076757a70ba2c18edcbc601c7637b30cdfe8c24b65171e824c7d6081",
                "sha256:110a847085246ab8d4d119632145224d6b49e406c64f1bbeed45c6f05097b680",
                "sha256:1206432cc6c644f6fc03374b264c5ff805d980311563202ed7fef91a38906276",
                "sha256:1657a9eecb29d7838e3b415458cc494e6d1b194f7ac73a34aa55c6fb6c72d1f3",
                "sha256:17f2854c6bd9ee008c4b270f7010fe2da6c16eac5724a175e75010aacd905b31",
                "sha256:190bc6ef8690cd88232a038d1b15714c258f79653abad62f7048249b09438af3",
                "sha256:1caf951110ca757b8ad9c4974f5cac7b8413004d2f29707e4d03a65d54cedf2b",
                "sha256:24d5333a9b2343330f0f4eb88546e2c32a7f5c280f8dd7d3cc079beb0901781b",
                "sha256:26ba70fed190708551c19a360f9d7eca8e8c0f615d19a574292b7229e0ae324c",
                "sha256:2bd8ef197c87afe0a9009f7a28b5dc613bfc585d329f80b7af404e766aa9e8c7",
                "sha256:2ea4f210422b912ebe58ef0ad33088bc8e5c5ff9655a8822500690abc3b1232d",
                "sha256:30cff3ef329682b6182c01c568f551481774c476722020b8f7d0daacbed07a17",
                "sha256:327adab7671f3726b0ba69be9e865bba23b37a605b585e65895c428f6e47e766",
                "sha256:32e02a2d83f4954aa8c17e03fe8ec6962432c39aca4be7e8ee346b05a3476904",
                "sha256:37d66646f929ae7c22c79bc73ec4074d6db45e6384500ee3e0d476daf55482a9",
                "sha256:3a302241fbe825a3e4fe07666a2ab513edfdc6d43ce24b79691b45115273b5e7",
                "sha256:3abd670ca7ce230d5a624fd3d55e055215d8d9b723adee0a348352f5d8d12ff4",
                "sha256:4095a1f2093002c2208becf6f9a178b336b7572512ee0a1179731acb7788e8ad",
                "sha256:45535fead66e873f411c1d3cf0d3e175e66f4dd83c4f59d707d5b3e4c56541c4",
                "sha256:45d464622314973d78f364689d5dbb9144e559f93dca11b11af3f2480b5034e1",
                "sha256:4f7290295794b5dec470867c7baa4a14182b9732603fd0caf2a5bf1dc3ccabf3",
                "sha256:4ff380aabd7a74a42a760ee76c68826a8f417ceb6ea415bd574a035a111fd133",
                "sha256:51ffd53c53c4442415b613497a34ba0aa7b99ac07f1e4a62db5dcd640ae6c3c3",
                "sha256:5294fcb410ed0a45d5d1cdedc4e51a60aab5b2b3193999028ea94afc2f554b05",
                "sha256:56e3efe356416bc67a8e093607315951d76910f03d2b3ad49c4ade9207bf710d",
                "sha256:5d3cc75ef3e17490042c47e0523aee1bcc4eacd2482796107fd59dd1100a44bc",
                "sha256:5e6ee18a53dd5743e6155b8ff7e8e477c25b29b440f87f65be8165275c87fef0",
                "sha256:67a04754d121ea5ca39ddedc3f77071651fb5b0bc6b973c71c515415b44ed9c5",
                "sha256:7394c0b7d460569c9285fa089a429f58465db930012566c03046f9e3ab0ed181",
                "sha256:789c43bf4a10cd067c24c321238e800b8b2716c863ddb2294d2fed886fa5a689",
                "sha256:7ac67b542505186b3bbdaffbc303292e1ee9c8729e5d5df243c1f20f4bb9057e",
                "sha256:8561c48b0090993e3b2a54db480cab1d23eb2c5735067213bb90f402806339f5",
                "sha256:86bfb52a9cfbcc09aba2b71388b0a20ea5c52b6517c0b2e316222435a8cdab72",
                "sha256:8711682a629bbcaf492f5e0af72d378e976ea1d127a2d47584fa1c2c080b436b",
                "sha256:89da58e4005e153b03fe8b8794330e3f6a9774ee9e1c3bd5bc52eb098c3b0c4f",
                "sha256:89f72524033abbfde880ad338fd3c2c16e31ae232323ebdfbc745cbb1b3dcc03",
                "sha256:8bf1ab71f9f23b0a1d52ec1682a3907e0c208c12fef9c3e99d2b80166b17905f",
                "sha256:8d7bbbe2cd6ed80aceef2a14e9f1c1b61683194c216472ed5ff33b700e784e37",
                "sha256:94c4a9b01eede952442c088d415861b0cf2053cbd696b863f6d5022d4e4e2453",
                "sha256:98dcf978d4c6048965d1762abd534c9d53bae981a035bfe486690ba11f49bbbb",
                "sha256:a4cc73a6ae0a6751b76e69cece9d0311f054da9b22df6a12f2c53111735657c8",
                "sha256:a9f8e33747b1332db11cf7fcf4a9512bef9748cb5eb4d3f7fbc8c30d75dc6ffc",
                "sha256:ace960769d60037ca9625b4c578a6f28a14301bd2a1ff13bb00e824ac9f73e55",
                "sha256:ae721bcc8e69846af00b7a77a220614d9b2ec57d25017a6bbde3a99473e41ce8",
                "sha256:aea01f40995fa0945c020228ab919b8dfc93fc8a9f2d3d705ab5b793f32d9e99",
                "sha256:b499caef4bca9cbd0bd23cd3386f5113ee7378094a3cb613a2fa543260fe9506",
                "sha256:b89504227a5311610e4be16071465885a0a3d6b0e82e305ef46d9b064ce5fb72",
                "sha256:bd66b4865c8b853b8cca7379afb692fc7f52cf898786537dfb5e5e2d64f0a47f",
                "sha256:bfcd3acc1a81f106abac6afd42327d2cf1e77ec905ae11dc1d9142a006a496b6",
                "sha256:c24ba103ecf45861e2e1f933d40b2d93f5d52d8228870c3e7bf1299cd1cb8ff1",
                "sha256:c348abc5924caa02a62896300e32ea80a81521f91d6db2e853e6b1994017c9f6",
                "sha256:c53f97032b87a406044a1c33d1e9290cc38b117a8062e8a8b285175d7e2f99c9",
                "sha256:c7cd4b1015d2f60dfe539ee6c95bc968d5d5fad92ab01bb5501a77393da4f596",
                "sha256:c86dc2068f1c5ca2065aca34f257bbf4f78caf566eb230f692ad347da191f0a1",
                "sha256:c8c5c8e1bac05ef3c23722e591ef4f688f528235e2480f157a9cfe0a19081375",
                "sha256:ca36151289a15b39d8d683fd8b7abbe26fc50be311066c5f8dcf3cb8cee107ab",
                "sha256:cc8821a03bcfb36e4e4705316f6b66af28450357af8a575dc8f4b09bf02a3dee",
                "sha256:cccc18077acd34c8072578394ec79563664b1c205f7a86a62e94fafc7b59001f",
                "sha256:d2244d8ab24374bed366f9ff206e2619345f9cd7fe79aad5225f53faac28b6b1",
                "sha256:d4c22992e24f12de340ca5f824121a5b3e1a37ad4360b4e1aaf15e9d1c42582d",
                "sha256:dd24c4d256558429aeeb8d6c24ebad4e982ac52c50bc3670ae8646c181263965",
                "sha256:e413352a921f5ad5d66f9e2869b977e88d5103fc528b6deb8423028a2befd842",
                "sha256:ee06405ea2e67366a661ed313e14cf2a86e84142a3462852eb96348f7219cee3",
                "sha256:f83eca8cbfd168e424dfa3b3b5c955d6c281e8fc09feb9d870886ff8d03683c7",
                "sha256:fb915101dfbf318486364ce85662bb7b020840f68138014972c08331458d41f3",
                "sha256:ffc02b159b65c05f2ed9ec176b715b66918a674bd4daed48a9a7a590dd4be1aa",
                "sha256:ffc5ae23ada6515f31604f700009e2df90b091b67d463a8401c1d8a37f76c1d7"
            ],
            "index": "pypi",
            "markers": "python_version >= '3.9'",
            "version": "==15.0"
        }
    },
    "develop": {}
}
